
Microsoft Visual Studio Solution File, Format Version 12.00
# Visual Studio Version 17
VisualStudioVersion = 17.2.32630.192
MinimumVisualStudioVersion = 10.0.40219.1
Project("{FAE04EC0-301F-11D3-BF4B-00C04F79EFBC}") = "MinimalSchoppingListApi", "MinimalSchoppingListApi\MinimalSchoppingListApi.csproj", "{5CDAD18C-016B-4435-9BDD-E7FF58264FF9}"
EndProject
Global
	GlobalSection(SolutionConfigurationPlatforms) = preSolution
		Debug|Any CPU = Debug|Any CPU
		Release|Any CPU = Release|Any CPU
	EndGlobalSection
	GlobalSection(ProjectConfigurationPlatforms) = postSolution
		{5CDAD18C-016B-4435-9BDD-E7FF58264FF9}.Debug|Any CPU.ActiveCfg = Debug|Any CPU
		{5CDAD18C-016B-4435-9BDD-E7FF58264FF9}.Debug|Any CPU.Build.0 = Debug|Any CPU
		{5CDAD18C-016B-4435-9BDD-E7FF58264FF9}.Release|Any CPU.ActiveCfg = Release|Any CPU
		{5CDAD18C-016B-4435-9BDD-E7FF58264FF9}.Release|Any CPU.Build.0 = Release|Any CPU
	EndGlobalSection
	GlobalSection(SolutionProperties) = preSolution
		HideSolutionNode = FALSE
	EndGlobalSection
	GlobalSection(ExtensibilityGlobals) = postSolution
		SolutionGuid = {35DE52C7-245E-4B3B-9938-8F0828FF05FC}
	EndGlobalSection
EndGlobal
